
Microsoft Visual Studio Solution File, Format Version 12.00
# Visual Studio 2012
Project("{8BC9CEB8-8B4A-11D0-8D11-00A0C91BC942}") = "DtuCtTest", "DtuCtTest\DtuCtTest.vcxproj", "{A24B6CC9-B4C0-43FC-B3D3-1B558965B986}"
EndProject
Global
	GlobalSection(SolutionConfigurationPlatforms) = preSolution
		Debug|Win32 = Debug|Win32
		Release|Win32 = Release|Win32
	EndGlobalSection
	GlobalSection(ProjectConfigurationPlatforms) = postSolution
		{A24B6CC9-B4C0-43FC-B3D3-1B558965B986}.Debug|Win32.ActiveCfg = Debug|Win32
		{A24B6CC9-B4C0-43FC-B3D3-1B558965B986}.Debug|Win32.Build.0 = Debug|Win32
		{A24B6CC9-B4C0-43FC-B3D3-1B558965B986}.Release|Win32.ActiveCfg = Release|Win32
		{A24B6CC9-B4C0-43FC-B3D3-1B558965B986}.Release|Win32.Build.0 = Release|Win32
	EndGlobalSection
	GlobalSection(SolutionProperties) = preSolution
		HideSolutionNode = FALSE
	EndGlobalSection
EndGlobal
